
Microsoft Visual Studio Solution File, Format Version 12.00
# Visual Studio Version 17
VisualStudioVersion = 17.11.35222.181
MinimumVisualStudioVersion = 10.0.40219.1
Project("{FAE04EC0-301F-11D3-BF4B-00C04F79EFBC}") = "BasicAuthentication", "BasicAuthentication\BasicAuthentication.csproj", "{DBCEAA49-FC47-470E-82D4-A1C5561493B9}"
EndProject
Global
	GlobalSection(SolutionConfigurationPlatforms) = preSolution
		Debug|Any CPU = Debug|Any CPU
		Release|Any CPU = Release|Any CPU
	EndGlobalSection
	GlobalSection(ProjectConfigurationPlatforms) = postSolution
		{DBCEAA49-FC47-470E-82D4-A1C5561493B9}.Debug|Any CPU.ActiveCfg = Debug|Any CPU
		{DBCEAA49-FC47-470E-82D4-A1C5561493B9}.Debug|Any CPU.Build.0 = Debug|Any CPU
		{DBCEAA49-FC47-470E-82D4-A1C5561493B9}.Release|Any CPU.ActiveCfg = Release|Any CPU
		{DBCEAA49-FC47-470E-82D4-A1C5561493B9}.Release|Any CPU.Build.0 = Release|Any CPU
	EndGlobalSection
	GlobalSection(SolutionProperties) = preSolution
		HideSolutionNode = FALSE
	EndGlobalSection
	GlobalSection(ExtensibilityGlobals) = postSolution
		SolutionGuid = {9ED24CCB-F4D7-475D-9843-BF2B096758D1}
	EndGlobalSection
EndGlobal
